
Microsoft Visual Studio Solution File, Format Version 12.00
# Visual Studio Version 17
VisualStudioVersion = 17.9.34622.214
MinimumVisualStudioVersion = 10.0.40219.1
Project("{FAE04EC0-301F-11D3-BF4B-00C04F79EFBC}") = "DataflowWebApi", "DataflowWebApi.csproj", "{87D7111C-255F-4D51-AC35-D8250789328E}"
EndProject
Global
	GlobalSection(SolutionConfigurationPlatforms) = preSolution
		Debug|Any CPU = Debug|Any CPU
		Release|Any CPU = Release|Any CPU
	EndGlobalSection
	GlobalSection(ProjectConfigurationPlatforms) = postSolution
		{87D7111C-255F-4D51-AC35-D8250789328E}.Debug|Any CPU.ActiveCfg = Debug|Any CPU
		{87D7111C-255F-4D51-AC35-D8250789328E}.Debug|Any CPU.Build.0 = Debug|Any CPU
		{87D7111C-255F-4D51-AC35-D8250789328E}.Release|Any CPU.ActiveCfg = Release|Any CPU
		{87D7111C-255F-4D51-AC35-D8250789328E}.Release|Any CPU.Build.0 = Release|Any CPU
	EndGlobalSection
	GlobalSection(SolutionProperties) = preSolution
		HideSolutionNode = FALSE
	EndGlobalSection
	GlobalSection(ExtensibilityGlobals) = postSolution
		SolutionGuid = {06E00801-5C0D-4BEF-ACE2-04BF6A5D2DEE}
	EndGlobalSection
EndGlobal
